// !$*UTF8*$!
{
	archiveVersion = 1;
	classes = {
	};
	objectVersion = 56;
	objects = {

/* Begin PBXBuildFile section */
		953287BC290C0378006CB01F /* AppDelegate.swift in Sources */ = {isa = PBXBuildFile; fileRef = 953287BB290C0378006CB01F /* AppDelegate.swift */; };
		953287BE290C0378006CB01F /* SceneDelegate.swift in Sources */ = {isa = PBXBuildFile; fileRef = 953287BD290C0378006CB01F /* SceneDelegate.swift */; };
		953287C0290C0378006CB01F /* ViewController.swift in Sources */ = {isa = PBXBuildFile; fileRef = 953287BF290C0378006CB01F /* ViewController.swift */; };
		953287C5290C0379006CB01F /* Assets.xcassets in Resources */ = {isa = PBXBuildFile; fileRef = 953287C4290C0379006CB01F /* Assets.xcassets */; };
		953287C8290C0379006CB01F /* LaunchScreen.storyboard in Resources */ = {isa = PBXBuildFile; fileRef = 953287C6290C0379006CB01F /* LaunchScreen.storyboard */; };
		953287D3290C0379006CB01F /* Tipping_PointTests.swift in Sources */ = {isa = PBXBuildFile; fileRef = 953287D2290C0379006CB01F /* Tipping_PointTests.swift */; };
		953287DD290C0379006CB01F /* Tipping_PointUITests.swift in Sources */ = {isa = PBXBuildFile; fileRef = 953287DC290C0379006CB01F /* Tipping_PointUITests.swift */; };
		953287DF290C0379006CB01F /* Tipping_PointUITestsLaunchTests.swift in Sources */ = {isa = PBXBuildFile; fileRef = 953287DE290C0379006CB01F /* Tipping_PointUITestsLaunchTests.swift */; };
		953287EF290C0524006CB01F /* Appfile in Resources */ = {isa = PBXBuildFile; fileRef = 953287ED290C0524006CB01F /* Appfile */; };
		953287F0290C0524006CB01F /* Fastfile in Resources */ = {isa = PBXBuildFile; fileRef = 953287EE290C0524006CB01F /* Fastfile */; };
		953287F3290C06E4006CB01F /* UIToolbox in Frameworks */ = {isa = PBXBuildFile; productRef = 953287F2290C06E4006CB01F /* UIToolbox */; };
		95328801290C1136006CB01F /* DummyViewController.swift in Sources */ = {isa = PBXBuildFile; fileRef = 95328800290C1136006CB01F /* DummyViewController.swift */; };
		95328803290C148E006CB01F /* SpaceXLaunch.swift in Sources */ = {isa = PBXBuildFile; fileRef = 95328802290C148E006CB01F /* SpaceXLaunch.swift */; };
		95328806290C1531006CB01F /* SpaceXNetwork.swift in Sources */ = {isa = PBXBuildFile; fileRef = 95328805290C1531006CB01F /* SpaceXNetwork.swift */; };
		95328808290C1638006CB01F /* SpaceXNetworkError.swift in Sources */ = {isa = PBXBuildFile; fileRef = 95328807290C1638006CB01F /* SpaceXNetworkError.swift */; };
		9532880A290C1F37006CB01F /* SpaceXRocket.swift in Sources */ = {isa = PBXBuildFile; fileRef = 95328809290C1F37006CB01F /* SpaceXRocket.swift */; };
		9532880C290C1FC3006CB01F /* SpaceXLaunchSite.swift in Sources */ = {isa = PBXBuildFile; fileRef = 9532880B290C1FC3006CB01F /* SpaceXLaunchSite.swift */; };
		9532880E290C2F9F006CB01F /* LaunchesViewModel.swift in Sources */ = {isa = PBXBuildFile; fileRef = 9532880D290C2F9F006CB01F /* LaunchesViewModel.swift */; };
		95328810290C4F01006CB01F /* LaunchTableViewController.swift in Sources */ = {isa = PBXBuildFile; fileRef = 9532880F290C4F01006CB01F /* LaunchTableViewController.swift */; };
		95328812290C50AA006CB01F /* LaunchTableViewCell.swift in Sources */ = {isa = PBXBuildFile; fileRef = 95328811290C50AA006CB01F /* LaunchTableViewCell.swift */; };
		95328815290C57F9006CB01F /* LaunchSelectionDelegate.swift in Sources */ = {isa = PBXBuildFile; fileRef = 95328814290C57F9006CB01F /* LaunchSelectionDelegate.swift */; };
		95328817290C6AC8006CB01F /* SpaceXImageLinks.swift in Sources */ = {isa = PBXBuildFile; fileRef = 95328816290C6AC8006CB01F /* SpaceXImageLinks.swift */; };
/* End PBXBuildFile section */

/* Begin PBXContainerItemProxy section */
		953287CF290C0379006CB01F /* PBXContainerItemProxy */ = {
			isa = PBXContainerItemProxy;
			containerPortal = 953287B0290C0378006CB01F /* Project object */;
			proxyType = 1;
			remoteGlobalIDString = 953287B7290C0378006CB01F;
			remoteInfo = "Tipping Point";
		};
		953287D9290C0379006CB01F /* PBXContainerItemProxy */ = {
			isa = PBXContainerItemProxy;
			containerPortal = 953287B0290C0378006CB01F /* Project object */;
			proxyType = 1;
			remoteGlobalIDString = 953287B7290C0378006CB01F;
			remoteInfo = "Tipping Point";
		};
/* End PBXContainerItemProxy section */

/* Begin PBXFileReference section */
		953287B8290C0378006CB01F /* Tipping Point.app */ = {isa = PBXFileReference; explicitFileType = wrapper.application; includeInIndex = 0; path = "Tipping Point.app"; sourceTree = BUILT_PRODUCTS_DIR; };
		953287BB290C0378006CB01F /* AppDelegate.swift */ = {isa = PBXFileReference; lastKnownFileType = sourcecode.swift; path = AppDelegate.swift; sourceTree = "<group>"; };
		953287BD290C0378006CB01F /* SceneDelegate.swift */ = {isa = PBXFileReference; lastKnownFileType = sourcecode.swift; path = SceneDelegate.swift; sourceTree = "<group>"; };
		953287BF290C0378006CB01F /* ViewController.swift */ = {isa = PBXFileReference; lastKnownFileType = sourcecode.swift; path = ViewController.swift; sourceTree = "<group>"; };
		953287C4290C0379006CB01F /* Assets.xcassets */ = {isa = PBXFileReference; lastKnownFileType = folder.assetcatalog; path = Assets.xcassets; sourceTree = "<group>"; };
		953287C7290C0379006CB01F /* Base */ = {isa = PBXFileReference; lastKnownFileType = file.storyboard; name = Base; path = Base.lproj/LaunchScreen.storyboard; sourceTree = "<group>"; };
		953287C9290C0379006CB01F /* Info.plist */ = {isa = PBXFileReference; lastKnownFileType = text.plist.xml; path = Info.plist; sourceTree = "<group>"; };
		953287CE290C0379006CB01F /* Tipping PointTests.xctest */ = {isa = PBXFileReference; explicitFileType = wrapper.cfbundle; includeInIndex = 0; path = "Tipping PointTests.xctest"; sourceTree = BUILT_PRODUCTS_DIR; };
		953287D2290C0379006CB01F /* Tipping_PointTests.swift */ = {isa = PBXFileReference; lastKnownFileType = sourcecode.swift; path = Tipping_PointTests.swift; sourceTree = "<group>"; };
		953287D8290C0379006CB01F /* Tipping PointUITests.xctest */ = {isa = PBXFileReference; explicitFileType = wrapper.cfbundle; includeInIndex = 0; path = "Tipping PointUITests.xctest"; sourceTree = BUILT_PRODUCTS_DIR; };
		953287DC290C0379006CB01F /* Tipping_PointUITests.swift */ = {isa = PBXFileReference; lastKnownFileType = sourcecode.swift; path = Tipping_PointUITests.swift; sourceTree = "<group>"; };
		953287DE290C0379006CB01F /* Tipping_PointUITestsLaunchTests.swift */ = {isa = PBXFileReference; lastKnownFileType = sourcecode.swift; path = Tipping_PointUITestsLaunchTests.swift; sourceTree = "<group>"; };
		953287ED290C0524006CB01F /* Appfile */ = {isa = PBXFileReference; explicitFileType = text.script.ruby; fileEncoding = 4; name = Appfile; path = fastlane/Appfile; sourceTree = "<group>"; };
		953287EE290C0524006CB01F /* Fastfile */ = {isa = PBXFileReference; explicitFileType = text.script.ruby; fileEncoding = 4; name = Fastfile; path = fastlane/Fastfile; sourceTree = "<group>"; };
		95328800290C1136006CB01F /* DummyViewController.swift */ = {isa = PBXFileReference; lastKnownFileType = sourcecode.swift; path = DummyViewController.swift; sourceTree = "<group>"; };
		95328802290C148E006CB01F /* SpaceXLaunch.swift */ = {isa = PBXFileReference; lastKnownFileType = sourcecode.swift; path = SpaceXLaunch.swift; sourceTree = "<group>"; };
		95328805290C1531006CB01F /* SpaceXNetwork.swift */ = {isa = PBXFileReference; lastKnownFileType = sourcecode.swift; path = SpaceXNetwork.swift; sourceTree = "<group>"; };
		95328807290C1638006CB01F /* SpaceXNetworkError.swift */ = {isa = PBXFileReference; lastKnownFileType = sourcecode.swift; path = SpaceXNetworkError.swift; sourceTree = "<group>"; };
		95328809290C1F37006CB01F /* SpaceXRocket.swift */ = {isa = PBXFileReference; lastKnownFileType = sourcecode.swift; path = SpaceXRocket.swift; sourceTree = "<group>"; };
		9532880B290C1FC3006CB01F /* SpaceXLaunchSite.swift */ = {isa = PBXFileReference; lastKnownFileType = sourcecode.swift; path = SpaceXLaunchSite.swift; sourceTree = "<group>"; };
		9532880D290C2F9F006CB01F /* LaunchesViewModel.swift */ = {isa = PBXFileReference; lastKnownFileType = sourcecode.swift; path = LaunchesViewModel.swift; sourceTree = "<group>"; };
		9532880F290C4F01006CB01F /* LaunchTableViewController.swift */ = {isa = PBXFileReference; lastKnownFileType = sourcecode.swift; path = LaunchTableViewController.swift; sourceTree = "<group>"; };
		95328811290C50AA006CB01F /* LaunchTableViewCell.swift */ = {isa = PBXFileReference; lastKnownFileType = sourcecode.swift; path = LaunchTableViewCell.swift; sourceTree = "<group>"; };
		95328814290C57F9006CB01F /* LaunchSelectionDelegate.swift */ = {isa = PBXFileReference; lastKnownFileType = sourcecode.swift; path = LaunchSelectionDelegate.swift; sourceTree = "<group>"; };
		95328816290C6AC8006CB01F /* SpaceXImageLinks.swift */ = {isa = PBXFileReference; lastKnownFileType = sourcecode.swift; path = SpaceXImageLinks.swift; sourceTree = "<group>"; };
/* End PBXFileReference section */

/* Begin PBXFrameworksBuildPhase section */
		953287B5290C0378006CB01F /* Frameworks */ = {
			isa = PBXFrameworksBuildPhase;
			buildActionMask = 2147483647;
			files = (
				953287F3290C06E4006CB01F /* UIToolbox in Frameworks */,
			);
			runOnlyForDeploymentPostprocessing = 0;
		};
		953287CB290C0379006CB01F /* Frameworks */ = {
			isa = PBXFrameworksBuildPhase;
			buildActionMask = 2147483647;
			files = (
			);
			runOnlyForDeploymentPostprocessing = 0;
		};
		953287D5290C0379006CB01F /* Frameworks */ = {
			isa = PBXFrameworksBuildPhase;
			buildActionMask = 2147483647;
			files = (
			);
			runOnlyForDeploymentPostprocessing = 0;
		};
/* End PBXFrameworksBuildPhase section */

/* Begin PBXGroup section */
		953287AF290C0378006CB01F = {
			isa = PBXGroup;
			children = (
				953287EC290C0515006CB01F /* Fastlane */,
				953287BA290C0378006CB01F /* Tipping Point */,
				953287D1290C0379006CB01F /* Tipping PointTests */,
				953287DB290C0379006CB01F /* Tipping PointUITests */,
				953287B9290C0378006CB01F /* Products */,
			);
			sourceTree = "<group>";
		};
		953287B9290C0378006CB01F /* Products */ = {
			isa = PBXGroup;
			children = (
				953287B8290C0378006CB01F /* Tipping Point.app */,
				953287CE290C0379006CB01F /* Tipping PointTests.xctest */,
				953287D8290C0379006CB01F /* Tipping PointUITests.xctest */,
			);
			name = Products;
			sourceTree = "<group>";
		};
		953287BA290C0378006CB01F /* Tipping Point */ = {
			isa = PBXGroup;
			children = (
				95328813290C57DE006CB01F /* Delegates */,
				953287FF290C1127006CB01F /* Bootstrapping */,
				95328804290C151F006CB01F /* Networking */,
				953287FE290C1122006CB01F /* Models */,
				953287FD290C111D006CB01F /* View Models */,
				953287FC290C1118006CB01F /* Views */,
				953287C4290C0379006CB01F /* Assets.xcassets */,
				953287C6290C0379006CB01F /* LaunchScreen.storyboard */,
				953287C9290C0379006CB01F /* Info.plist */,
			);
			path = "Tipping Point";
			sourceTree = "<group>";
		};
		953287D1290C0379006CB01F /* Tipping PointTests */ = {
			isa = PBXGroup;
			children = (
				953287D2290C0379006CB01F /* Tipping_PointTests.swift */,
			);
			path = "Tipping PointTests";
			sourceTree = "<group>";
		};
		953287DB290C0379006CB01F /* Tipping PointUITests */ = {
			isa = PBXGroup;
			children = (
				953287DC290C0379006CB01F /* Tipping_PointUITests.swift */,
				953287DE290C0379006CB01F /* Tipping_PointUITestsLaunchTests.swift */,
			);
			path = "Tipping PointUITests";
			sourceTree = "<group>";
		};
		953287EC290C0515006CB01F /* Fastlane */ = {
			isa = PBXGroup;
			children = (
				953287ED290C0524006CB01F /* Appfile */,
				953287EE290C0524006CB01F /* Fastfile */,
			);
			name = Fastlane;
			sourceTree = "<group>";
		};
		953287FC290C1118006CB01F /* Views */ = {
			isa = PBXGroup;
			children = (
				953287BF290C0378006CB01F /* ViewController.swift */,
				95328800290C1136006CB01F /* DummyViewController.swift */,
				9532880F290C4F01006CB01F /* LaunchTableViewController.swift */,
				95328811290C50AA006CB01F /* LaunchTableViewCell.swift */,
			);
			path = Views;
			sourceTree = "<group>";
		};
		953287FD290C111D006CB01F /* View Models */ = {
			isa = PBXGroup;
			children = (
				9532880D290C2F9F006CB01F /* LaunchesViewModel.swift */,
			);
			path = "View Models";
			sourceTree = "<group>";
		};
		953287FE290C1122006CB01F /* Models */ = {
			isa = PBXGroup;
			children = (
				95328802290C148E006CB01F /* SpaceXLaunch.swift */,
				95328809290C1F37006CB01F /* SpaceXRocket.swift */,
				9532880B290C1FC3006CB01F /* SpaceXLaunchSite.swift */,
				95328816290C6AC8006CB01F /* SpaceXImageLinks.swift */,
			);
			path = Models;
			sourceTree = "<group>";
		};
		953287FF290C1127006CB01F /* Bootstrapping */ = {
			isa = PBXGroup;
			children = (
				953287BB290C0378006CB01F /* AppDelegate.swift */,
				953287BD290C0378006CB01F /* SceneDelegate.swift */,
			);
			path = Bootstrapping;
			sourceTree = "<group>";
		};
		95328804290C151F006CB01F /* Networking */ = {
			isa = PBXGroup;
			children = (
				95328805290C1531006CB01F /* SpaceXNetwork.swift */,
				95328807290C1638006CB01F /* SpaceXNetworkError.swift */,
			);
			path = Networking;
			sourceTree = "<group>";
		};
		95328813290C57DE006CB01F /* Delegates */ = {
			isa = PBXGroup;
			children = (
				95328814290C57F9006CB01F /* LaunchSelectionDelegate.swift */,
			);
			path = Delegates;
			sourceTree = "<group>";
		};
/* End PBXGroup section */

/* Begin PBXNativeTarget section */
		953287B7290C0378006CB01F /* Tipping Point */ = {
			isa = PBXNativeTarget;
			buildConfigurationList = 953287E2290C0379006CB01F /* Build configuration list for PBXNativeTarget "Tipping Point" */;
			buildPhases = (
				953287F9290C0992006CB01F /* Run SwiftLint */,
				953287B4290C0378006CB01F /* Sources */,
				953287B5290C0378006CB01F /* Frameworks */,
				953287B6290C0378006CB01F /* Resources */,
			);
			buildRules = (
			);
			dependencies = (
			);
			name = "Tipping Point";
			packageProductDependencies = (
				953287F2290C06E4006CB01F /* UIToolbox */,
			);
			productName = "Tipping Point";
			productReference = 953287B8290C0378006CB01F /* Tipping Point.app */;
			productType = "com.apple.product-type.application";
		};
		953287CD290C0379006CB01F /* Tipping PointTests */ = {
			isa = PBXNativeTarget;
			buildConfigurationList = 953287E5290C0379006CB01F /* Build configuration list for PBXNativeTarget "Tipping PointTests" */;
			buildPhases = (
				953287CA290C0379006CB01F /* Sources */,
				953287CB290C0379006CB01F /* Frameworks */,
				953287CC290C0379006CB01F /* Resources */,
			);
			buildRules = (
			);
			dependencies = (
				953287D0290C0379006CB01F /* PBXTargetDependency */,
			);
			name = "Tipping PointTests";
			productName = "Tipping PointTests";
			productReference = 953287CE290C0379006CB01F /* Tipping PointTests.xctest */;
			productType = "com.apple.product-type.bundle.unit-test";
		};
		953287D7290C0379006CB01F /* Tipping PointUITests */ = {
			isa = PBXNativeTarget;
			buildConfigurationList = 953287E8290C0379006CB01F /* Build configuration list for PBXNativeTarget "Tipping PointUITests" */;
			buildPhases = (
				953287D4290C0379006CB01F /* Sources */,
				953287D5290C0379006CB01F /* Frameworks */,
				953287D6290C0379006CB01F /* Resources */,
			);
			buildRules = (
			);
			dependencies = (
				953287DA290C0379006CB01F /* PBXTargetDependency */,
			);
			name = "Tipping PointUITests";
			productName = "Tipping PointUITests";
			productReference = 953287D8290C0379006CB01F /* Tipping PointUITests.xctest */;
			productType = "com.apple.product-type.bundle.ui-testing";
		};
/* End PBXNativeTarget section */

/* Begin PBXProject section */
		953287B0290C0378006CB01F /* Project object */ = {
			isa = PBXProject;
			attributes = {
				BuildIndependentTargetsInParallel = 1;
				LastSwiftUpdateCheck = 1410;
				LastUpgradeCheck = 1410;
				TargetAttributes = {
					953287B7290C0378006CB01F = {
						CreatedOnToolsVersion = 14.1;
					};
					953287CD290C0379006CB01F = {
						CreatedOnToolsVersion = 14.1;
						TestTargetID = 953287B7290C0378006CB01F;
					};
					953287D7290C0379006CB01F = {
						CreatedOnToolsVersion = 14.1;
						TestTargetID = 953287B7290C0378006CB01F;
					};
				};
			};
			buildConfigurationList = 953287B3290C0378006CB01F /* Build configuration list for PBXProject "Tipping Point" */;
			compatibilityVersion = "Xcode 14.0";
			developmentRegion = en;
			hasScannedForEncodings = 0;
			knownRegions = (
				en,
				Base,
			);
			mainGroup = 953287AF290C0378006CB01F;
			packageReferences = (
				953287F1290C06E4006CB01F /* XCRemoteSwiftPackageReference "UIToolbox" */,
			);
			productRefGroup = 953287B9290C0378006CB01F /* Products */;
			projectDirPath = "";
			projectRoot = "";
			targets = (
				953287B7290C0378006CB01F /* Tipping Point */,
				953287CD290C0379006CB01F /* Tipping PointTests */,
				953287D7290C0379006CB01F /* Tipping PointUITests */,
			);
		};
/* End PBXProject section */

/* Begin PBXResourcesBuildPhase section */
		953287B6290C0378006CB01F /* Resources */ = {
			isa = PBXResourcesBuildPhase;
			buildActionMask = 2147483647;
			files = (
				953287F0290C0524006CB01F /* Fastfile in Resources */,
				953287EF290C0524006CB01F /* Appfile in Resources */,
				953287C8290C0379006CB01F /* LaunchScreen.storyboard in Resources */,
				953287C5290C0379006CB01F /* Assets.xcassets in Resources */,
			);
			runOnlyForDeploymentPostprocessing = 0;
		};
		953287CC290C0379006CB01F /* Resources */ = {
			isa = PBXResourcesBuildPhase;
			buildActionMask = 2147483647;
			files = (
			);
			runOnlyForDeploymentPostprocessing = 0;
		};
		953287D6290C0379006CB01F /* Resources */ = {
			isa = PBXResourcesBuildPhase;
			buildActionMask = 2147483647;
			files = (
			);
			runOnlyForDeploymentPostprocessing = 0;
		};
/* End PBXResourcesBuildPhase section */

/* Begin PBXShellScriptBuildPhase section */
		953287F9290C0992006CB01F /* Run SwiftLint */ = {
			isa = PBXShellScriptBuildPhase;
			alwaysOutOfDate = 1;
			buildActionMask = 2147483647;
			files = (
			);
			inputFileListPaths = (
			);
			inputPaths = (
			);
			name = "Run SwiftLint";
			outputFileListPaths = (
			);
			outputPaths = (
			);
			runOnlyForDeploymentPostprocessing = 0;
			shellPath = /bin/sh;
			shellScript = "export PATH=\"$PATH:/opt/homebrew/bin\"\nif which swiftlint >/dev/null; then\n  swiftlint .\nelse\n  echo \"warning: SwiftLint not installed, download from https://github.com/realm/SwiftLint\"\nfi\n";
		};
/* End PBXShellScriptBuildPhase section */

/* Begin PBXSourcesBuildPhase section */
		953287B4290C0378006CB01F /* Sources */ = {
			isa = PBXSourcesBuildPhase;
			buildActionMask = 2147483647;
			files = (
				953287C0290C0378006CB01F /* ViewController.swift in Sources */,
				953287BC290C0378006CB01F /* AppDelegate.swift in Sources */,
				953287BE290C0378006CB01F /* SceneDelegate.swift in Sources */,
				95328817290C6AC8006CB01F /* SpaceXImageLinks.swift in Sources */,
				95328801290C1136006CB01F /* DummyViewController.swift in Sources */,
				95328808290C1638006CB01F /* SpaceXNetworkError.swift in Sources */,
				95328806290C1531006CB01F /* SpaceXNetwork.swift in Sources */,
				95328815290C57F9006CB01F /* LaunchSelectionDelegate.swift in Sources */,
				95328810290C4F01006CB01F /* LaunchTableViewController.swift in Sources */,
				95328803290C148E006CB01F /* SpaceXLaunch.swift in Sources */,
				9532880E290C2F9F006CB01F /* LaunchesViewModel.swift in Sources */,
				9532880C290C1FC3006CB01F /* SpaceXLaunchSite.swift in Sources */,
				95328812290C50AA006CB01F /* LaunchTableViewCell.swift in Sources */,
				9532880A290C1F37006CB01F /* SpaceXRocket.swift in Sources */,
			);
			runOnlyForDeploymentPostprocessing = 0;
		};
		953287CA290C0379006CB01F /* Sources */ = {
			isa = PBXSourcesBuildPhase;
			buildActionMask = 2147483647;
			files = (
				953287D3290C0379006CB01F /* Tipping_PointTests.swift in Sources */,
			);
			runOnlyForDeploymentPostprocessing = 0;
		};
		953287D4290C0379006CB01F /* Sources */ = {
			isa = PBXSourcesBuildPhase;
			buildActionMask = 2147483647;
			files = (
				953287DD290C0379006CB01F /* Tipping_PointUITests.swift in Sources */,
				953287DF290C0379006CB01F /* Tipping_PointUITestsLaunchTests.swift in Sources */,
			);
			runOnlyForDeploymentPostprocessing = 0;
		};
/* End PBXSourcesBuildPhase section */

/* Begin PBXTargetDependency section */
		953287D0290C0379006CB01F /* PBXTargetDependency */ = {
			isa = PBXTargetDependency;
			target = 953287B7290C0378006CB01F /* Tipping Point */;
			targetProxy = 953287CF290C0379006CB01F /* PBXContainerItemProxy */;
		};
		953287DA290C0379006CB01F /* PBXTargetDependency */ = {
			isa = PBXTargetDependency;
			target = 953287B7290C0378006CB01F /* Tipping Point */;
			targetProxy = 953287D9290C0379006CB01F /* PBXContainerItemProxy */;
		};
/* End PBXTargetDependency section */

/* Begin PBXVariantGroup section */
		953287C6290C0379006CB01F /* LaunchScreen.storyboard */ = {
			isa = PBXVariantGroup;
			children = (
				953287C7290C0379006CB01F /* Base */,
			);
			name = LaunchScreen.storyboard;
			sourceTree = "<group>";
		};
/* End PBXVariantGroup section */

/* Begin XCBuildConfiguration section */
		953287E0290C0379006CB01F /* Debug */ = {
			isa = XCBuildConfiguration;
			buildSettings = {
				ALWAYS_SEARCH_USER_PATHS = NO;
				CLANG_ANALYZER_NONNULL = YES;
				CLANG_ANALYZER_NUMBER_OBJECT_CONVERSION = YES_AGGRESSIVE;
				CLANG_CXX_LANGUAGE_STANDARD = "gnu++20";
				CLANG_ENABLE_MODULES = YES;
				CLANG_ENABLE_OBJC_ARC = YES;
				CLANG_ENABLE_OBJC_WEAK = YES;
				CLANG_WARN_BLOCK_CAPTURE_AUTORELEASING = YES;
				CLANG_WARN_BOOL_CONVERSION = YES;
				CLANG_WARN_COMMA = YES;
				CLANG_WARN_CONSTANT_CONVERSION = YES;
				CLANG_WARN_DEPRECATED_OBJC_IMPLEMENTATIONS = YES;
				CLANG_WARN_DIRECT_OBJC_ISA_USAGE = YES_ERROR;
				CLANG_WARN_DOCUMENTATION_COMMENTS = YES;
				CLANG_WARN_EMPTY_BODY = YES;
				CLANG_WARN_ENUM_CONVERSION = YES;
				CLANG_WARN_INFINITE_RECURSION = YES;
				CLANG_WARN_INT_CONVERSION = YES;
				CLANG_WARN_NON_LITERAL_NULL_CONVERSION = YES;
				CLANG_WARN_OBJC_IMPLICIT_RETAIN_SELF = YES;
				CLANG_WARN_OBJC_LITERAL_CONVERSION = YES;
				CLANG_WARN_OBJC_ROOT_CLASS = YES_ERROR;
				CLANG_WARN_QUOTED_INCLUDE_IN_FRAMEWORK_HEADER = YES;
				CLANG_WARN_RANGE_LOOP_ANALYSIS = YES;
				CLANG_WARN_STRICT_PROTOTYPES = YES;
				CLANG_WARN_SUSPICIOUS_MOVE = YES;
				CLANG_WARN_UNGUARDED_AVAILABILITY = YES_AGGRESSIVE;
				CLANG_WARN_UNREACHABLE_CODE = YES;
				CLANG_WARN__DUPLICATE_METHOD_MATCH = YES;
				COPY_PHASE_STRIP = NO;
				DEBUG_INFORMATION_FORMAT = dwarf;
				ENABLE_STRICT_OBJC_MSGSEND = YES;
				ENABLE_TESTABILITY = YES;
				GCC_C_LANGUAGE_STANDARD = gnu11;
				GCC_DYNAMIC_NO_PIC = NO;
				GCC_NO_COMMON_BLOCKS = YES;
				GCC_OPTIMIZATION_LEVEL = 0;
				GCC_PREPROCESSOR_DEFINITIONS = (
					"DEBUG=1",
					"$(inherited)",
				);
				GCC_WARN_64_TO_32_BIT_CONVERSION = YES;
				GCC_WARN_ABOUT_RETURN_TYPE = YES_ERROR;
				GCC_WARN_UNDECLARED_SELECTOR = YES;
				GCC_WARN_UNINITIALIZED_AUTOS = YES_AGGRESSIVE;
				GCC_WARN_UNUSED_FUNCTION = YES;
				GCC_WARN_UNUSED_VARIABLE = YES;
				IPHONEOS_DEPLOYMENT_TARGET = 14.0;
				MTL_ENABLE_DEBUG_INFO = INCLUDE_SOURCE;
				MTL_FAST_MATH = YES;
				ONLY_ACTIVE_ARCH = YES;
				SDKROOT = iphoneos;
				SWIFT_ACTIVE_COMPILATION_CONDITIONS = DEBUG;
				SWIFT_OPTIMIZATION_LEVEL = "-Onone";
			};
			name = Debug;
		};
		953287E1290C0379006CB01F /* Release */ = {
			isa = XCBuildConfiguration;
			buildSettings = {
				ALWAYS_SEARCH_USER_PATHS = NO;
				CLANG_ANALYZER_NONNULL = YES;
				CLANG_ANALYZER_NUMBER_OBJECT_CONVERSION = YES_AGGRESSIVE;
				CLANG_CXX_LANGUAGE_STANDARD = "gnu++20";
				CLANG_ENABLE_MODULES = YES;
				CLANG_ENABLE_OBJC_ARC = YES;
				CLANG_ENABLE_OBJC_WEAK = YES;
				CLANG_WARN_BLOCK_CAPTURE_AUTORELEASING = YES;
				CLANG_WARN_BOOL_CONVERSION = YES;
				CLANG_WARN_COMMA = YES;
				CLANG_WARN_CONSTANT_CONVERSION = YES;
				CLANG_WARN_DEPRECATED_OBJC_IMPLEMENTATIONS = YES;
				CLANG_WARN_DIRECT_OBJC_ISA_USAGE = YES_ERROR;
				CLANG_WARN_DOCUMENTATION_COMMENTS = YES;
				CLANG_WARN_EMPTY_BODY = YES;
				CLANG_WARN_ENUM_CONVERSION = YES;
				CLANG_WARN_INFINITE_RECURSION = YES;
				CLANG_WARN_INT_CONVERSION = YES;
				CLANG_WARN_NON_LITERAL_NULL_CONVERSION = YES;
				CLANG_WARN_OBJC_IMPLICIT_RETAIN_SELF = YES;
				CLANG_WARN_OBJC_LITERAL_CONVERSION = YES;
				CLANG_WARN_OBJC_ROOT_CLASS = YES_ERROR;
				CLANG_WARN_QUOTED_INCLUDE_IN_FRAMEWORK_HEADER = YES;
				CLANG_WARN_RANGE_LOOP_ANALYSIS = YES;
				CLANG_WARN_STRICT_PROTOTYPES = YES;
				CLANG_WARN_SUSPICIOUS_MOVE = YES;
				CLANG_WARN_UNGUARDED_AVAILABILITY = YES_AGGRESSIVE;
				CLANG_WARN_UNREACHABLE_CODE = YES;
				CLANG_WARN__DUPLICATE_METHOD_MATCH = YES;
				COPY_PHASE_STRIP = NO;
				DEBUG_INFORMATION_FORMAT = "dwarf-with-dsym";
				ENABLE_NS_ASSERTIONS = NO;
				ENABLE_STRICT_OBJC_MSGSEND = YES;
				GCC_C_LANGUAGE_STANDARD = gnu11;
				GCC_NO_COMMON_BLOCKS = YES;
				GCC_WARN_64_TO_32_BIT_CONVERSION = YES;
				GCC_WARN_ABOUT_RETURN_TYPE = YES_ERROR;
				GCC_WARN_UNDECLARED_SELECTOR = YES;
				GCC_WARN_UNINITIALIZED_AUTOS = YES_AGGRESSIVE;
				GCC_WARN_UNUSED_FUNCTION = YES;
				GCC_WARN_UNUSED_VARIABLE = YES;
				IPHONEOS_DEPLOYMENT_TARGET = 14.0;
				MTL_ENABLE_DEBUG_INFO = NO;
				MTL_FAST_MATH = YES;
				SDKROOT = iphoneos;
				SWIFT_COMPILATION_MODE = wholemodule;
				SWIFT_OPTIMIZATION_LEVEL = "-O";
				VALIDATE_PRODUCT = YES;
			};
			name = Release;
		};
		953287E3290C0379006CB01F /* Debug */ = {
			isa = XCBuildConfiguration;
			buildSettings = {
				ASSETCATALOG_COMPILER_APPICON_NAME = AppIcon;
				ASSETCATALOG_COMPILER_GLOBAL_ACCENT_COLOR_NAME = AccentColor;
				CODE_SIGN_STYLE = Automatic;
				CURRENT_PROJECT_VERSION = 1;
				DEVELOPMENT_TEAM = N4K7Y69MC5;
				GENERATE_INFOPLIST_FILE = YES;
				INFOPLIST_FILE = "Tipping Point/Info.plist";
				INFOPLIST_KEY_UIApplicationSupportsIndirectInputEvents = YES;
				INFOPLIST_KEY_UILaunchStoryboardName = LaunchScreen;
				INFOPLIST_KEY_UISupportedInterfaceOrientations_iPad = "UIInterfaceOrientationPortrait UIInterfaceOrientationPortraitUpsideDown UIInterfaceOrientationLandscapeLeft UIInterfaceOrientationLandscapeRight";
				INFOPLIST_KEY_UISupportedInterfaceOrientations_iPhone = "UIInterfaceOrientationPortrait UIInterfaceOrientationLandscapeLeft UIInterfaceOrientationLandscapeRight";
				LD_RUNPATH_SEARCH_PATHS = (
					"$(inherited)",
					"@executable_path/Frameworks",
				);
				MARKETING_VERSION = 1.0;
				PRODUCT_BUNDLE_IDENTIFIER = "net.marquiskurt.Tipping-Point";
				PRODUCT_NAME = "$(TARGET_NAME)";
				SWIFT_EMIT_LOC_STRINGS = YES;
				SWIFT_VERSION = 5.0;
				TARGETED_DEVICE_FAMILY = "1,2";
			};
			name = Debug;
		};
		953287E4290C0379006CB01F /* Release */ = {
			isa = XCBuildConfiguration;
			buildSettings = {
				ASSETCATALOG_COMPILER_APPICON_NAME = AppIcon;
				ASSETCATALOG_COMPILER_GLOBAL_ACCENT_COLOR_NAME = AccentColor;
				CODE_SIGN_STYLE = Automatic;
				CURRENT_PROJECT_VERSION = 1;
				DEVELOPMENT_TEAM = N4K7Y69MC5;
				GENERATE_INFOPLIST_FILE = YES;
				INFOPLIST_FILE = "Tipping Point/Info.plist";
				INFOPLIST_KEY_UIApplicationSupportsIndirectInputEvents = YES;
				INFOPLIST_KEY_UILaunchStoryboardName = LaunchScreen;
				INFOPLIST_KEY_UISupportedInterfaceOrientations_iPad = "UIInterfaceOrientationPortrait UIInterfaceOrientationPortraitUpsideDown UIInterfaceOrientationLandscapeLeft UIInterfaceOrientationLandscapeRight";
				INFOPLIST_KEY_UISupportedInterfaceOrientations_iPhone = "UIInterfaceOrientationPortrait UIInterfaceOrientationLandscapeLeft UIInterfaceOrientationLandscapeRight";
				LD_RUNPATH_SEARCH_PATHS = (
					"$(inherited)",
					"@executable_path/Frameworks",
				);
				MARKETING_VERSION = 1.0;
				PRODUCT_BUNDLE_IDENTIFIER = "net.marquiskurt.Tipping-Point";
				PRODUCT_NAME = "$(TARGET_NAME)";
				SWIFT_EMIT_LOC_STRINGS = YES;
				SWIFT_VERSION = 5.0;
				TARGETED_DEVICE_FAMILY = "1,2";
			};
			name = Release;
		};
		953287E6290C0379006CB01F /* Debug */ = {
			isa = XCBuildConfiguration;
			buildSettings = {
				ALWAYS_EMBED_SWIFT_STANDARD_LIBRARIES = YES;
				BUNDLE_LOADER = "$(TEST_HOST)";
				CODE_SIGN_STYLE = Automatic;
				CURRENT_PROJECT_VERSION = 1;
				DEVELOPMENT_TEAM = N4K7Y69MC5;
				GENERATE_INFOPLIST_FILE = YES;
				IPHONEOS_DEPLOYMENT_TARGET = 16.1;
				MARKETING_VERSION = 1.0;
				PRODUCT_BUNDLE_IDENTIFIER = "net.marquiskurt.Tipping-PointTests";
				PRODUCT_NAME = "$(TARGET_NAME)";
				SWIFT_EMIT_LOC_STRINGS = NO;
				SWIFT_VERSION = 5.0;
				TARGETED_DEVICE_FAMILY = "1,2";
				TEST_HOST = "$(BUILT_PRODUCTS_DIR)/Tipping Point.app/$(BUNDLE_EXECUTABLE_FOLDER_PATH)/Tipping Point";
			};
			name = Debug;
		};
		953287E7290C0379006CB01F /* Release */ = {
			isa = XCBuildConfiguration;
			buildSettings = {
				ALWAYS_EMBED_SWIFT_STANDARD_LIBRARIES = YES;
				BUNDLE_LOADER = "$(TEST_HOST)";
				CODE_SIGN_STYLE = Automatic;
				CURRENT_PROJECT_VERSION = 1;
				DEVELOPMENT_TEAM = N4K7Y69MC5;
				GENERATE_INFOPLIST_FILE = YES;
				IPHONEOS_DEPLOYMENT_TARGET = 16.1;
				MARKETING_VERSION = 1.0;
				PRODUCT_BUNDLE_IDENTIFIER = "net.marquiskurt.Tipping-PointTests";
				PRODUCT_NAME = "$(TARGET_NAME)";
				SWIFT_EMIT_LOC_STRINGS = NO;
				SWIFT_VERSION = 5.0;
				TARGETED_DEVICE_FAMILY = "1,2";
				TEST_HOST = "$(BUILT_PRODUCTS_DIR)/Tipping Point.app/$(BUNDLE_EXECUTABLE_FOLDER_PATH)/Tipping Point";
			};
			name = Release;
		};
		953287E9290C0379006CB01F /* Debug */ = {
			isa = XCBuildConfiguration;
			buildSettings = {
				ALWAYS_EMBED_SWIFT_STANDARD_LIBRARIES = YES;
				CODE_SIGN_STYLE = Automatic;
				CURRENT_PROJECT_VERSION = 1;
				DEVELOPMENT_TEAM = N4K7Y69MC5;
				GENERATE_INFOPLIST_FILE = YES;
				MARKETING_VERSION = 1.0;
				PRODUCT_BUNDLE_IDENTIFIER = "net.marquiskurt.Tipping-PointUITests";
				PRODUCT_NAME = "$(TARGET_NAME)";
				SWIFT_EMIT_LOC_STRINGS = NO;
				SWIFT_VERSION = 5.0;
				TARGETED_DEVICE_FAMILY = "1,2";
				TEST_TARGET_NAME = "Tipping Point";
			};
			name = Debug;
		};
		953287EA290C0379006CB01F /* Release */ = {
			isa = XCBuildConfiguration;
			buildSettings = {
				ALWAYS_EMBED_SWIFT_STANDARD_LIBRARIES = YES;
				CODE_SIGN_STYLE = Automatic;
				CURRENT_PROJECT_VERSION = 1;
				DEVELOPMENT_TEAM = N4K7Y69MC5;
				GENERATE_INFOPLIST_FILE = YES;
				MARKETING_VERSION = 1.0;
				PRODUCT_BUNDLE_IDENTIFIER = "net.marquiskurt.Tipping-PointUITests";
				PRODUCT_NAME = "$(TARGET_NAME)";
				SWIFT_EMIT_LOC_STRINGS = NO;
				SWIFT_VERSION = 5.0;
				TARGETED_DEVICE_FAMILY = "1,2";
				TEST_TARGET_NAME = "Tipping Point";
			};
			name = Release;
		};
/* End XCBuildConfiguration section */

/* Begin XCConfigurationList section */
		953287B3290C0378006CB01F /* Build configuration list for PBXProject "Tipping Point" */ = {
			isa = XCConfigurationList;
			buildConfigurations = (
				953287E0290C0379006CB01F /* Debug */,
				953287E1290C0379006CB01F /* Release */,
			);
			defaultConfigurationIsVisible = 0;
			defaultConfigurationName = Release;
		};
		953287E2290C0379006CB01F /* Build configuration list for PBXNativeTarget "Tipping Point" */ = {
			isa = XCConfigurationList;
			buildConfigurations = (
				953287E3290C0379006CB01F /* Debug */,
				953287E4290C0379006CB01F /* Release */,
			);
			defaultConfigurationIsVisible = 0;
			defaultConfigurationName = Release;
		};
		953287E5290C0379006CB01F /* Build configuration list for PBXNativeTarget "Tipping PointTests" */ = {
			isa = XCConfigurationList;
			buildConfigurations = (
				953287E6290C0379006CB01F /* Debug */,
				953287E7290C0379006CB01F /* Release */,
			);
			defaultConfigurationIsVisible = 0;
			defaultConfigurationName = Release;
		};
		953287E8290C0379006CB01F /* Build configuration list for PBXNativeTarget "Tipping PointUITests" */ = {
			isa = XCConfigurationList;
			buildConfigurations = (
				953287E9290C0379006CB01F /* Debug */,
				953287EA290C0379006CB01F /* Release */,
			);
			defaultConfigurationIsVisible = 0;
			defaultConfigurationName = Release;
		};
/* End XCConfigurationList section */

/* Begin XCRemoteSwiftPackageReference section */
		953287F1290C06E4006CB01F /* XCRemoteSwiftPackageReference "UIToolbox" */ = {
			isa = XCRemoteSwiftPackageReference;
			repositoryURL = "https://github.com/alicerunsonfedora/UIToolbox";
			requirement = {
				branch = root;
				kind = branch;
			};
		};
/* End XCRemoteSwiftPackageReference section */

/* Begin XCSwiftPackageProductDependency section */
		953287F2290C06E4006CB01F /* UIToolbox */ = {
			isa = XCSwiftPackageProductDependency;
			package = 953287F1290C06E4006CB01F /* XCRemoteSwiftPackageReference "UIToolbox" */;
			productName = UIToolbox;
		};
/* End XCSwiftPackageProductDependency section */
	};
	rootObject = 953287B0290C0378006CB01F /* Project object */;
}
