{
  "pins" : [
    {
      "identity" : "uitoolbox",
      "kind" : "remoteSourceControl",
      "location" : "https://github.com/alicerunsonfedora/UIToolbox",
      "state" : {
        "branch" : "root",
        "revision" : "c65359210a898a38c6ce88ecfc017ac416115522"
      }
    }
  ],
  "version" : 2
}
