{
  "pins" : [
    {
      "identity" : "uitoolbox",
      "kind" : "remoteSourceControl",
      "location" : "https://github.com/alicerunsonfedora/UIToolbox",
      "state" : {
        "branch" : "root",
        "revision" : "ee21693073f722763deb3dca89a5cfef380c383e"
      }
    }
  ],
  "version" : 2
}
